
Microsoft Visual Studio Solution File, Format Version 12.00
# Visual Studio Version 16
VisualStudioVersion = 16.0.31321.278
MinimumVisualStudioVersion = 10.0.40219.1
Project("{FAE04EC0-301F-11D3-BF4B-00C04F79EFBC}") = "ScaffoldingApp", "ScaffoldingApp\ScaffoldingApp.csproj", "{BFB9CE75-C2EE-450B-8FBD-25636B6F18FE}"
EndProject
Global
	GlobalSection(SolutionConfigurationPlatforms) = preSolution
		Debug|Any CPU = Debug|Any CPU
		Release|Any CPU = Release|Any CPU
	EndGlobalSection
	GlobalSection(ProjectConfigurationPlatforms) = postSolution
		{BFB9CE75-C2EE-450B-8FBD-25636B6F18FE}.Debug|Any CPU.ActiveCfg = Debug|Any CPU
		{BFB9CE75-C2EE-450B-8FBD-25636B6F18FE}.Debug|Any CPU.Build.0 = Debug|Any CPU
		{BFB9CE75-C2EE-450B-8FBD-25636B6F18FE}.Release|Any CPU.ActiveCfg = Release|Any CPU
		{BFB9CE75-C2EE-450B-8FBD-25636B6F18FE}.Release|Any CPU.Build.0 = Release|Any CPU
	EndGlobalSection
	GlobalSection(SolutionProperties) = preSolution
		HideSolutionNode = FALSE
	EndGlobalSection
	GlobalSection(ExtensibilityGlobals) = postSolution
		SolutionGuid = {0DCDE154-6B34-4C55-AE8B-D9D27E56853D}
	EndGlobalSection
EndGlobal
